
Microsoft Visual Studio Solution File, Format Version 12.00
# Visual Studio Version 17
VisualStudioVersion = 17.13.35931.197 d17.13
MinimumVisualStudioVersion = 10.0.40219.1
Project("{FAE04EC0-301F-11D3-BF4B-00C04F79EFBC}") = "Banking_Project", "Banking_Project.csproj", "{EFFE73D2-9F01-45E0-A1FD-92895E7CF938}"
EndProject
Global
	GlobalSection(SolutionConfigurationPlatforms) = preSolution
		Debug|Any CPU = Debug|Any CPU
		Release|Any CPU = Release|Any CPU
	EndGlobalSection
	GlobalSection(ProjectConfigurationPlatforms) = postSolution
		{EFFE73D2-9F01-45E0-A1FD-92895E7CF938}.Debug|Any CPU.ActiveCfg = Debug|Any CPU
		{EFFE73D2-9F01-45E0-A1FD-92895E7CF938}.Debug|Any CPU.Build.0 = Debug|Any CPU
		{EFFE73D2-9F01-45E0-A1FD-92895E7CF938}.Release|Any CPU.ActiveCfg = Release|Any CPU
		{EFFE73D2-9F01-45E0-A1FD-92895E7CF938}.Release|Any CPU.Build.0 = Release|Any CPU
	EndGlobalSection
	GlobalSection(SolutionProperties) = preSolution
		HideSolutionNode = FALSE
	EndGlobalSection
	GlobalSection(ExtensibilityGlobals) = postSolution
		SolutionGuid = {14C44F4C-70C4-4774-B171-A6A608CA7BCC}
	EndGlobalSection
EndGlobal
